// !$*UTF8*$!
{
	archiveVersion = 1;
	classes = {
	};
	objectVersion = 77;
	objects = {

/* Begin PBXBuildFile section */
		0912EE100A84D9FFBC926AFE /* SidebarView.swift in Sources */ = {isa = PBXBuildFile; fileRef = C7ACADC04245857846CE60BC /* SidebarView.swift */; };
		0F395490C0FE24DC653CE63D /* ShareSheetPresenter.swift in Sources */ = {isa = PBXBuildFile; fileRef = BAC9CF76AE150635672E8857 /* ShareSheetPresenter.swift */; };
		142A6FDD9CB4F91229688DDD /* StatisticsView.swift in Sources */ = {isa = PBXBuildFile; fileRef = BFAFF883B4B09D6E4AB85DC5 /* StatisticsView.swift */; };
		1EBC3FD34D98053DF310C1C3 /* PersistenceControllerTests.swift in Sources */ = {isa = PBXBuildFile; fileRef = 8F500433FA42D658E7E55468 /* PersistenceControllerTests.swift */; };
		30240CD2CC186ADBDE356B92 /* CoreDataActivityRepository.swift in Sources */ = {isa = PBXBuildFile; fileRef = E58CA06227C8889397B8742E /* CoreDataActivityRepository.swift */; };
		3151DC7EC006F01210D9F495 /* AppNavigationModel.swift in Sources */ = {isa = PBXBuildFile; fileRef = E9840C1FCD15F75054C19379 /* AppNavigationModel.swift */; };
		31D03464E7B186D9B785D0D9 /* WindowModel.swift in Sources */ = {isa = PBXBuildFile; fileRef = B5D245452CFD3422DFE36DB3 /* WindowModel.swift */; };
		344E862C2C36B743BBF942CA /* AppConfig.swift in Sources */ = {isa = PBXBuildFile; fileRef = 5B7894B1C175BDAA6118892D /* AppConfig.swift */; };
		35BA04D227FCCCD0E5A04DB2 /* RaidVideoExporter.swift in Sources */ = {isa = PBXBuildFile; fileRef = C6D30FAA3BB1A3C0CC71F6BD /* RaidVideoExporter.swift */; };
		39D301DC3CCC900FC28AE222 /* ContentView.swift in Sources */ = {isa = PBXBuildFile; fileRef = 47DE51F8BF3C4AABD07045B9 /* ContentView.swift */; };
		3DAD5B0820EBA343E4EC07DB /* ActivityFiltersTests.swift in Sources */ = {isa = PBXBuildFile; fileRef = 511C1F8CEF9FB82EAD305726 /* ActivityFiltersTests.swift */; };
		410F21A9B0AE3A65C2330391 /* ActivityListView.swift in Sources */ = {isa = PBXBuildFile; fileRef = 06BAC4C516BA0226397D3EA0 /* ActivityListView.swift */; };
		49D54D695ECF125EA368F30D /* ActivityListViewModelTests.swift in Sources */ = {isa = PBXBuildFile; fileRef = 16A70666354C457A73737CCA /* ActivityListViewModelTests.swift */; };
		54E98E6AF98CF3D65676B847 /* RaidDetailView.swift in Sources */ = {isa = PBXBuildFile; fileRef = 79107E0008C422D10DDDD339 /* RaidDetailView.swift */; };
		5E2086A9A62998F215D1204F /* GPXCore in Frameworks */ = {isa = PBXBuildFile; productRef = 5239B19228804795EAC2D36D /* GPXCore */; };
		69199036BADF737CF4157B63 /* CoreDataActivityRepositoryTests.swift in Sources */ = {isa = PBXBuildFile; fileRef = B419406642916722D1F817A7 /* CoreDataActivityRepositoryTests.swift */; };
		6F6D9CD499B2FE619B9FB92A /* WatchedFolderBookmark.swift in Sources */ = {isa = PBXBuildFile; fileRef = E5BCD998BFFC82CEEDC4499A /* WatchedFolderBookmark.swift */; };
		71140791A9EBD94578561E8D /* ActivityType+Display.swift in Sources */ = {isa = PBXBuildFile; fileRef = E1A70A5F9194FA83137C6661 /* ActivityType+Display.swift */; };
		736B219557447E0CEA0319A2 /* PDFReportRenderer.swift in Sources */ = {isa = PBXBuildFile; fileRef = FA0EA93727D414A3B5BA021C /* PDFReportRenderer.swift */; };
		7EAFDC4BE21D92DFDE6A8AE1 /* MapOverviewView.swift in Sources */ = {isa = PBXBuildFile; fileRef = 2F9C838C6B437D9DF7A6CC8D /* MapOverviewView.swift */; };
		81736EFE6298E038A37C3C89 /* GPXMapKit in Frameworks */ = {isa = PBXBuildFile; productRef = 5AE15CBBEA76E19E78D5872B /* GPXMapKit */; };
		82748118CB1AA951878EA118 /* AppMenuCommands.swift in Sources */ = {isa = PBXBuildFile; fileRef = 8F9434B077DCE5272E1D00B1 /* AppMenuCommands.swift */; };
		9803751A7D4CB52AB0D190A7 /* SmartFilterEditor.swift in Sources */ = {isa = PBXBuildFile; fileRef = 1725682C7BEA8837BD9731C8 /* SmartFilterEditor.swift */; };
		A09BBA5DF7EEC457B4A36494 /* GPXStrava in Frameworks */ = {isa = PBXBuildFile; productRef = 9DCF9B9E7F35B6CCDB8C5227 /* GPXStrava */; };
		A52A49DCAB0612268A04D686 /* AppNavigationModelTests.swift in Sources */ = {isa = PBXBuildFile; fileRef = CA3E1DE11C88585F887011B9 /* AppNavigationModelTests.swift */; };
		B155DD32F10F7E53B5669310 /* ActivityListViewModel.swift in Sources */ = {isa = PBXBuildFile; fileRef = 2FB37342DF74343E57194E4A /* ActivityListViewModel.swift */; };
		BD99557E4746390806BAD915 /* GPXManagementApp.swift in Sources */ = {isa = PBXBuildFile; fileRef = 881B3B85AC3FA32F7448F36D /* GPXManagementApp.swift */; };
		C5426088620B57FAAB41E593 /* ActivityRepository+Fetch.swift in Sources */ = {isa = PBXBuildFile; fileRef = 0E5DB080C9139499C7527BD6 /* ActivityRepository+Fetch.swift */; };
		C636BD1A9F64CE4417C80538 /* TrackVideoExporter.swift in Sources */ = {isa = PBXBuildFile; fileRef = A26B940AD631BD2D44E7A807 /* TrackVideoExporter.swift */; };
		C7789234717598A80B08C875 /* PreferencesView.swift in Sources */ = {isa = PBXBuildFile; fileRef = 44934C5F563E2D198B67B314 /* PreferencesView.swift */; };
		C8A56B68B3A58555D7491D14 /* PersistenceController.swift in Sources */ = {isa = PBXBuildFile; fileRef = FD71E1EFABFA516C9DFF8B47 /* PersistenceController.swift */; };
		D0F9F8527458C8CA0C83E736 /* StravaAuthService.swift in Sources */ = {isa = PBXBuildFile; fileRef = EAAFE30C2FA070FC4FD64D78 /* StravaAuthService.swift */; };
		D6FF349D16AA8D61B537F015 /* GPXManagement.xcdatamodeld in Sources */ = {isa = PBXBuildFile; fileRef = A458D1355A394930CBEFB440 /* GPXManagement.xcdatamodeld */; };
		D7008894E7CF3699752F5BAA /* ActivityFilters.swift in Sources */ = {isa = PBXBuildFile; fileRef = B98887F275D8B5C626A27859 /* ActivityFilters.swift */; };
		DADF4AE8BB621F147969D087 /* ImportSheetView.swift in Sources */ = {isa = PBXBuildFile; fileRef = BCA9233BFE561762B93C76B1 /* ImportSheetView.swift */; };
		DBEF18F6635075910546A61F /* LoopbackAuthServer.swift in Sources */ = {isa = PBXBuildFile; fileRef = C6545C6C3CE57E394AB5A159 /* LoopbackAuthServer.swift */; };
		E6784C8C241D977B76C59218 /* ActivityDetailView.swift in Sources */ = {isa = PBXBuildFile; fileRef = 6E64D5DD1BE5DF58C2625F1E /* ActivityDetailView.swift */; };
		EFF8314AE61F0E8679693572 /* ExportService.swift in Sources */ = {isa = PBXBuildFile; fileRef = 4F25EFB570B8ADC9F59F35BD /* ExportService.swift */; };
		F0A5EB4FDD853897B9FB006A /* Assets.xcassets in Resources */ = {isa = PBXBuildFile; fileRef = 8F705DA1DD220140BBC3930E /* Assets.xcassets */; };
		F48E76AED4CC898FEF48B3BD /* ElevationProfileTabView.swift in Sources */ = {isa = PBXBuildFile; fileRef = B8CE4067AC1DCB63FF6E24CB /* ElevationProfileTabView.swift */; };
		F9092879FCF1E3F1F322CC87 /* AppServices.swift in Sources */ = {isa = PBXBuildFile; fileRef = 9471D358879C561216F8F27A /* AppServices.swift */; };
		FAC63D4A807AB95DCE2BECF0 /* ReverseGeocoder.swift in Sources */ = {isa = PBXBuildFile; fileRef = 2BD392D4BE4E215C5BCC40AF /* ReverseGeocoder.swift */; };
/* End PBXBuildFile section */

/* Begin PBXContainerItemProxy section */
		422B37467E97F2D4285C097C /* PBXContainerItemProxy */ = {
			isa = PBXContainerItemProxy;
			containerPortal = 686AD7DFE4CAAEC625B308C4 /* Project object */;
			proxyType = 1;
			remoteGlobalIDString = C5FF65B068CF9AB66E4DE6FA;
			remoteInfo = GPXManagement;
		};
/* End PBXContainerItemProxy section */

/* Begin PBXFileReference section */
		06BAC4C516BA0226397D3EA0 /* ActivityListView.swift */ = {isa = PBXFileReference; lastKnownFileType = sourcecode.swift; path = ActivityListView.swift; sourceTree = "<group>"; };
		0E5DB080C9139499C7527BD6 /* ActivityRepository+Fetch.swift */ = {isa = PBXFileReference; lastKnownFileType = sourcecode.swift; path = "ActivityRepository+Fetch.swift"; sourceTree = "<group>"; };
		16A70666354C457A73737CCA /* ActivityListViewModelTests.swift */ = {isa = PBXFileReference; lastKnownFileType = sourcecode.swift; path = ActivityListViewModelTests.swift; sourceTree = "<group>"; };
		1725682C7BEA8837BD9731C8 /* SmartFilterEditor.swift */ = {isa = PBXFileReference; lastKnownFileType = sourcecode.swift; path = SmartFilterEditor.swift; sourceTree = "<group>"; };
		2B8BC6F8DDA104FE6198459C /* GPXManagementTests.xctest */ = {isa = PBXFileReference; explicitFileType = wrapper.cfbundle; includeInIndex = 0; path = GPXManagementTests.xctest; sourceTree = BUILT_PRODUCTS_DIR; };
		2BD392D4BE4E215C5BCC40AF /* ReverseGeocoder.swift */ = {isa = PBXFileReference; lastKnownFileType = sourcecode.swift; path = ReverseGeocoder.swift; sourceTree = "<group>"; };
		2F9C838C6B437D9DF7A6CC8D /* MapOverviewView.swift */ = {isa = PBXFileReference; lastKnownFileType = sourcecode.swift; path = MapOverviewView.swift; sourceTree = "<group>"; };
		2FB37342DF74343E57194E4A /* ActivityListViewModel.swift */ = {isa = PBXFileReference; lastKnownFileType = sourcecode.swift; path = ActivityListViewModel.swift; sourceTree = "<group>"; };
		44934C5F563E2D198B67B314 /* PreferencesView.swift */ = {isa = PBXFileReference; lastKnownFileType = sourcecode.swift; path = PreferencesView.swift; sourceTree = "<group>"; };
		47DE51F8BF3C4AABD07045B9 /* ContentView.swift */ = {isa = PBXFileReference; lastKnownFileType = sourcecode.swift; path = ContentView.swift; sourceTree = "<group>"; };
		4E4E13A6F1C2CEE82DE9E10C /* GPXCore */ = {isa = PBXFileReference; lastKnownFileType = folder; name = GPXCore; path = Packages/GPXCore; sourceTree = SOURCE_ROOT; };
		4F25EFB570B8ADC9F59F35BD /* ExportService.swift */ = {isa = PBXFileReference; lastKnownFileType = sourcecode.swift; path = ExportService.swift; sourceTree = "<group>"; };
		511C1F8CEF9FB82EAD305726 /* ActivityFiltersTests.swift */ = {isa = PBXFileReference; lastKnownFileType = sourcecode.swift; path = ActivityFiltersTests.swift; sourceTree = "<group>"; };
		5B7894B1C175BDAA6118892D /* AppConfig.swift */ = {isa = PBXFileReference; lastKnownFileType = sourcecode.swift; path = AppConfig.swift; sourceTree = "<group>"; };
		6E64D5DD1BE5DF58C2625F1E /* ActivityDetailView.swift */ = {isa = PBXFileReference; lastKnownFileType = sourcecode.swift; path = ActivityDetailView.swift; sourceTree = "<group>"; };
		79107E0008C422D10DDDD339 /* RaidDetailView.swift */ = {isa = PBXFileReference; lastKnownFileType = sourcecode.swift; path = RaidDetailView.swift; sourceTree = "<group>"; };
		881B3B85AC3FA32F7448F36D /* GPXManagementApp.swift */ = {isa = PBXFileReference; lastKnownFileType = sourcecode.swift; path = GPXManagementApp.swift; sourceTree = "<group>"; };
		8F500433FA42D658E7E55468 /* PersistenceControllerTests.swift */ = {isa = PBXFileReference; lastKnownFileType = sourcecode.swift; path = PersistenceControllerTests.swift; sourceTree = "<group>"; };
		8F705DA1DD220140BBC3930E /* Assets.xcassets */ = {isa = PBXFileReference; lastKnownFileType = folder.assetcatalog; path = Assets.xcassets; sourceTree = "<group>"; };
		8F9434B077DCE5272E1D00B1 /* AppMenuCommands.swift */ = {isa = PBXFileReference; lastKnownFileType = sourcecode.swift; path = AppMenuCommands.swift; sourceTree = "<group>"; };
		90D3C33FF122DE77F1F8FC03 /* GPXStrava */ = {isa = PBXFileReference; lastKnownFileType = folder; name = GPXStrava; path = Packages/GPXStrava; sourceTree = SOURCE_ROOT; };
		9471D358879C561216F8F27A /* AppServices.swift */ = {isa = PBXFileReference; lastKnownFileType = sourcecode.swift; path = AppServices.swift; sourceTree = "<group>"; };
		9BB4378936EFA44AA940A32D /* GPXManagement.app */ = {isa = PBXFileReference; explicitFileType = wrapper.application; includeInIndex = 0; path = GPXManagement.app; sourceTree = BUILT_PRODUCTS_DIR; };
		A26B940AD631BD2D44E7A807 /* TrackVideoExporter.swift */ = {isa = PBXFileReference; lastKnownFileType = sourcecode.swift; path = TrackVideoExporter.swift; sourceTree = "<group>"; };
		B419406642916722D1F817A7 /* CoreDataActivityRepositoryTests.swift */ = {isa = PBXFileReference; lastKnownFileType = sourcecode.swift; path = CoreDataActivityRepositoryTests.swift; sourceTree = "<group>"; };
		B5D245452CFD3422DFE36DB3 /* WindowModel.swift */ = {isa = PBXFileReference; lastKnownFileType = sourcecode.swift; path = WindowModel.swift; sourceTree = "<group>"; };
		B8CE4067AC1DCB63FF6E24CB /* ElevationProfileTabView.swift */ = {isa = PBXFileReference; lastKnownFileType = sourcecode.swift; path = ElevationProfileTabView.swift; sourceTree = "<group>"; };
		B98887F275D8B5C626A27859 /* ActivityFilters.swift */ = {isa = PBXFileReference; lastKnownFileType = sourcecode.swift; path = ActivityFilters.swift; sourceTree = "<group>"; };
		BAC9CF76AE150635672E8857 /* ShareSheetPresenter.swift */ = {isa = PBXFileReference; lastKnownFileType = sourcecode.swift; path = ShareSheetPresenter.swift; sourceTree = "<group>"; };
		BCA9233BFE561762B93C76B1 /* ImportSheetView.swift */ = {isa = PBXFileReference; lastKnownFileType = sourcecode.swift; path = ImportSheetView.swift; sourceTree = "<group>"; };
		BDB3AE470DCC71F2465AD70B /* GPXManagement.xcdatamodel */ = {isa = PBXFileReference; lastKnownFileType = wrapper.xcdatamodel; path = GPXManagement.xcdatamodel; sourceTree = "<group>"; };
		BE197F6F1C2770F672064498 /* GPXMapKit */ = {isa = PBXFileReference; lastKnownFileType = folder; name = GPXMapKit; path = Packages/GPXMapKit; sourceTree = SOURCE_ROOT; };
		BFAFF883B4B09D6E4AB85DC5 /* StatisticsView.swift */ = {isa = PBXFileReference; lastKnownFileType = sourcecode.swift; path = StatisticsView.swift; sourceTree = "<group>"; };
		C6545C6C3CE57E394AB5A159 /* LoopbackAuthServer.swift */ = {isa = PBXFileReference; lastKnownFileType = sourcecode.swift; path = LoopbackAuthServer.swift; sourceTree = "<group>"; };
		C6D30FAA3BB1A3C0CC71F6BD /* RaidVideoExporter.swift */ = {isa = PBXFileReference; lastKnownFileType = sourcecode.swift; path = RaidVideoExporter.swift; sourceTree = "<group>"; };
		C7ACADC04245857846CE60BC /* SidebarView.swift */ = {isa = PBXFileReference; lastKnownFileType = sourcecode.swift; path = SidebarView.swift; sourceTree = "<group>"; };
		CA3E1DE11C88585F887011B9 /* AppNavigationModelTests.swift */ = {isa = PBXFileReference; lastKnownFileType = sourcecode.swift; path = AppNavigationModelTests.swift; sourceTree = "<group>"; };
		E1A70A5F9194FA83137C6661 /* ActivityType+Display.swift */ = {isa = PBXFileReference; lastKnownFileType = sourcecode.swift; path = "ActivityType+Display.swift"; sourceTree = "<group>"; };
		E58CA06227C8889397B8742E /* CoreDataActivityRepository.swift */ = {isa = PBXFileReference; lastKnownFileType = sourcecode.swift; path = CoreDataActivityRepository.swift; sourceTree = "<group>"; };
		E5BCD998BFFC82CEEDC4499A /* WatchedFolderBookmark.swift */ = {isa = PBXFileReference; lastKnownFileType = sourcecode.swift; path = WatchedFolderBookmark.swift; sourceTree = "<group>"; };
		E9840C1FCD15F75054C19379 /* AppNavigationModel.swift */ = {isa = PBXFileReference; lastKnownFileType = sourcecode.swift; path = AppNavigationModel.swift; sourceTree = "<group>"; };
		EAAFE30C2FA070FC4FD64D78 /* StravaAuthService.swift */ = {isa = PBXFileReference; lastKnownFileType = sourcecode.swift; path = StravaAuthService.swift; sourceTree = "<group>"; };
		FA0EA93727D414A3B5BA021C /* PDFReportRenderer.swift */ = {isa = PBXFileReference; lastKnownFileType = sourcecode.swift; path = PDFReportRenderer.swift; sourceTree = "<group>"; };
		FD71E1EFABFA516C9DFF8B47 /* PersistenceController.swift */ = {isa = PBXFileReference; lastKnownFileType = sourcecode.swift; path = PersistenceController.swift; sourceTree = "<group>"; };
		"TEMP_4C90525C-1F8E-4651-86D4-172827EB5D5E" /* Secrets.xcconfig */ = {isa = PBXFileReference; lastKnownFileType = text.xcconfig; path = Secrets.xcconfig; sourceTree = "<group>"; };
/* End PBXFileReference section */

/* Begin PBXFrameworksBuildPhase section */
		9B1C2C51D48DEF11B69FB9A0 /* Frameworks */ = {
			isa = PBXFrameworksBuildPhase;
			buildActionMask = 2147483647;
			files = (
				5E2086A9A62998F215D1204F /* GPXCore in Frameworks */,
				81736EFE6298E038A37C3C89 /* GPXMapKit in Frameworks */,
				A09BBA5DF7EEC457B4A36494 /* GPXStrava in Frameworks */,
			);
			runOnlyForDeploymentPostprocessing = 0;
		};
/* End PBXFrameworksBuildPhase section */

/* Begin PBXGroup section */
		1A47F4B73BAB9BEDA0D47DAF /* GPXManagementTests */ = {
			isa = PBXGroup;
			children = (
				511C1F8CEF9FB82EAD305726 /* ActivityFiltersTests.swift */,
				16A70666354C457A73737CCA /* ActivityListViewModelTests.swift */,
				CA3E1DE11C88585F887011B9 /* AppNavigationModelTests.swift */,
				B419406642916722D1F817A7 /* CoreDataActivityRepositoryTests.swift */,
				8F500433FA42D658E7E55468 /* PersistenceControllerTests.swift */,
			);
			path = GPXManagementTests;
			sourceTree = "<group>";
		};
		31D3505FC14BFFCB687B0352 = {
			isa = PBXGroup;
			children = (
				63E09BD6D9C59B595A913FA5 /* App */,
				F8D3C5F1C21B7CF9AA48F4A5 /* Packages */,
				9A14BC8D83C80C5B09244DF9 /* Tests */,
				93E8E9B8009CA324990F9289 /* Products */,
			);
			sourceTree = "<group>";
		};
		63E09BD6D9C59B595A913FA5 /* App */ = {
			isa = PBXGroup;
			children = (
				A458D1355A394930CBEFB440 /* GPXManagement.xcdatamodeld */,
				6E64D5DD1BE5DF58C2625F1E /* ActivityDetailView.swift */,
				B98887F275D8B5C626A27859 /* ActivityFilters.swift */,
				06BAC4C516BA0226397D3EA0 /* ActivityListView.swift */,
				2FB37342DF74343E57194E4A /* ActivityListViewModel.swift */,
				0E5DB080C9139499C7527BD6 /* ActivityRepository+Fetch.swift */,
				E1A70A5F9194FA83137C6661 /* ActivityType+Display.swift */,
				5B7894B1C175BDAA6118892D /* AppConfig.swift */,
				8F9434B077DCE5272E1D00B1 /* AppMenuCommands.swift */,
				E9840C1FCD15F75054C19379 /* AppNavigationModel.swift */,
				9471D358879C561216F8F27A /* AppServices.swift */,
				8F705DA1DD220140BBC3930E /* Assets.xcassets */,
				47DE51F8BF3C4AABD07045B9 /* ContentView.swift */,
				E58CA06227C8889397B8742E /* CoreDataActivityRepository.swift */,
				B8CE4067AC1DCB63FF6E24CB /* ElevationProfileTabView.swift */,
				4F25EFB570B8ADC9F59F35BD /* ExportService.swift */,
				881B3B85AC3FA32F7448F36D /* GPXManagementApp.swift */,
				BCA9233BFE561762B93C76B1 /* ImportSheetView.swift */,
				C6545C6C3CE57E394AB5A159 /* LoopbackAuthServer.swift */,
				2F9C838C6B437D9DF7A6CC8D /* MapOverviewView.swift */,
				FA0EA93727D414A3B5BA021C /* PDFReportRenderer.swift */,
				FD71E1EFABFA516C9DFF8B47 /* PersistenceController.swift */,
				44934C5F563E2D198B67B314 /* PreferencesView.swift */,
				79107E0008C422D10DDDD339 /* RaidDetailView.swift */,
				C6D30FAA3BB1A3C0CC71F6BD /* RaidVideoExporter.swift */,
				2BD392D4BE4E215C5BCC40AF /* ReverseGeocoder.swift */,
				BAC9CF76AE150635672E8857 /* ShareSheetPresenter.swift */,
				C7ACADC04245857846CE60BC /* SidebarView.swift */,
				1725682C7BEA8837BD9731C8 /* SmartFilterEditor.swift */,
				BFAFF883B4B09D6E4AB85DC5 /* StatisticsView.swift */,
				EAAFE30C2FA070FC4FD64D78 /* StravaAuthService.swift */,
				A26B940AD631BD2D44E7A807 /* TrackVideoExporter.swift */,
				E5BCD998BFFC82CEEDC4499A /* WatchedFolderBookmark.swift */,
				B5D245452CFD3422DFE36DB3 /* WindowModel.swift */,
			);
			path = App;
			sourceTree = "<group>";
		};
		93E8E9B8009CA324990F9289 /* Products */ = {
			isa = PBXGroup;
			children = (
				9BB4378936EFA44AA940A32D /* GPXManagement.app */,
				2B8BC6F8DDA104FE6198459C /* GPXManagementTests.xctest */,
			);
			name = Products;
			sourceTree = "<group>";
		};
		9A14BC8D83C80C5B09244DF9 /* Tests */ = {
			isa = PBXGroup;
			children = (
				1A47F4B73BAB9BEDA0D47DAF /* GPXManagementTests */,
			);
			path = Tests;
			sourceTree = "<group>";
		};
		F8D3C5F1C21B7CF9AA48F4A5 /* Packages */ = {
			isa = PBXGroup;
			children = (
				4E4E13A6F1C2CEE82DE9E10C /* GPXCore */,
				BE197F6F1C2770F672064498 /* GPXMapKit */,
				90D3C33FF122DE77F1F8FC03 /* GPXStrava */,
			);
			path = Packages;
			sourceTree = "<group>";
		};
		"TEMP_DF1C2B86-5FF7-4153-B54C-FF88F7B4AE1B" /* GPXManagement */ = {
			isa = PBXGroup;
			children = (
				"TEMP_4C90525C-1F8E-4651-86D4-172827EB5D5E" /* Secrets.xcconfig */,
			);
			path = GPXManagement;
			sourceTree = "<group>";
		};
/* End PBXGroup section */

/* Begin PBXNativeTarget section */
		C5FF65B068CF9AB66E4DE6FA /* GPXManagement */ = {
			isa = PBXNativeTarget;
			buildConfigurationList = 7FC6BF24BA150F1D4AACD4FE /* Build configuration list for PBXNativeTarget "GPXManagement" */;
			buildPhases = (
				224E3A42BA87F08D1BD910CC /* Sources */,
				EAA0277BC42738FEED03D5DA /* Resources */,
				9B1C2C51D48DEF11B69FB9A0 /* Frameworks */,
			);
			buildRules = (
			);
			dependencies = (
			);
			name = GPXManagement;
			packageProductDependencies = (
				5239B19228804795EAC2D36D /* GPXCore */,
				5AE15CBBEA76E19E78D5872B /* GPXMapKit */,
				9DCF9B9E7F35B6CCDB8C5227 /* GPXStrava */,
			);
			productName = GPXManagement;
			productReference = 9BB4378936EFA44AA940A32D /* GPXManagement.app */;
			productType = "com.apple.product-type.application";
		};
		D1BA6764D4B22D2F0DA2BDF9 /* GPXManagementTests */ = {
			isa = PBXNativeTarget;
			buildConfigurationList = A5F2DBC4728651D48CC7D148 /* Build configuration list for PBXNativeTarget "GPXManagementTests" */;
			buildPhases = (
				6FA2EE3078D8EEBE4230193C /* Sources */,
			);
			buildRules = (
			);
			dependencies = (
				FE45B52B0B03D05EC59B551E /* PBXTargetDependency */,
			);
			name = GPXManagementTests;
			packageProductDependencies = (
			);
			productName = GPXManagementTests;
			productReference = 2B8BC6F8DDA104FE6198459C /* GPXManagementTests.xctest */;
			productType = "com.apple.product-type.bundle.unit-test";
		};
/* End PBXNativeTarget section */

/* Begin PBXProject section */
		686AD7DFE4CAAEC625B308C4 /* Project object */ = {
			isa = PBXProject;
			attributes = {
				BuildIndependentTargetsInParallel = YES;
				LastUpgradeCheck = 1430;
				TargetAttributes = {
					C5FF65B068CF9AB66E4DE6FA = {
						DevelopmentTeam = "$(DEVELOPMENT_TEAM)";
						ProvisioningStyle = Automatic;
					};
					D1BA6764D4B22D2F0DA2BDF9 = {
						DevelopmentTeam = "$(DEVELOPMENT_TEAM)";
						ProvisioningStyle = Automatic;
					};
				};
			};
			buildConfigurationList = 49D3788C14E03619772764C6 /* Build configuration list for PBXProject "GPXManagement" */;
			developmentRegion = fr;
			hasScannedForEncodings = 0;
			knownRegions = (
				Base,
				fr,
			);
			mainGroup = 31D3505FC14BFFCB687B0352;
			minimizedProjectReferenceProxies = 1;
			packageReferences = (
				3D2F0F947DCD8CAA25BF532D /* XCLocalSwiftPackageReference "Packages/GPXCore" */,
				FC1D1EEA3795EB01DDE898F0 /* XCLocalSwiftPackageReference "Packages/GPXMapKit" */,
				EC7E610EC6EA34ECE5D85447 /* XCLocalSwiftPackageReference "Packages/GPXStrava" */,
			);
			preferredProjectObjectVersion = 77;
			productRefGroup = 93E8E9B8009CA324990F9289 /* Products */;
			projectDirPath = "";
			projectRoot = "";
			targets = (
				C5FF65B068CF9AB66E4DE6FA /* GPXManagement */,
				D1BA6764D4B22D2F0DA2BDF9 /* GPXManagementTests */,
			);
		};
/* End PBXProject section */

/* Begin PBXResourcesBuildPhase section */
		EAA0277BC42738FEED03D5DA /* Resources */ = {
			isa = PBXResourcesBuildPhase;
			buildActionMask = 2147483647;
			files = (
				F0A5EB4FDD853897B9FB006A /* Assets.xcassets in Resources */,
			);
			runOnlyForDeploymentPostprocessing = 0;
		};
/* End PBXResourcesBuildPhase section */

/* Begin PBXSourcesBuildPhase section */
		224E3A42BA87F08D1BD910CC /* Sources */ = {
			isa = PBXSourcesBuildPhase;
			buildActionMask = 2147483647;
			files = (
				E6784C8C241D977B76C59218 /* ActivityDetailView.swift in Sources */,
				D7008894E7CF3699752F5BAA /* ActivityFilters.swift in Sources */,
				410F21A9B0AE3A65C2330391 /* ActivityListView.swift in Sources */,
				B155DD32F10F7E53B5669310 /* ActivityListViewModel.swift in Sources */,
				C5426088620B57FAAB41E593 /* ActivityRepository+Fetch.swift in Sources */,
				71140791A9EBD94578561E8D /* ActivityType+Display.swift in Sources */,
				344E862C2C36B743BBF942CA /* AppConfig.swift in Sources */,
				82748118CB1AA951878EA118 /* AppMenuCommands.swift in Sources */,
				3151DC7EC006F01210D9F495 /* AppNavigationModel.swift in Sources */,
				F9092879FCF1E3F1F322CC87 /* AppServices.swift in Sources */,
				39D301DC3CCC900FC28AE222 /* ContentView.swift in Sources */,
				30240CD2CC186ADBDE356B92 /* CoreDataActivityRepository.swift in Sources */,
				F48E76AED4CC898FEF48B3BD /* ElevationProfileTabView.swift in Sources */,
				EFF8314AE61F0E8679693572 /* ExportService.swift in Sources */,
				D6FF349D16AA8D61B537F015 /* GPXManagement.xcdatamodeld in Sources */,
				BD99557E4746390806BAD915 /* GPXManagementApp.swift in Sources */,
				DADF4AE8BB621F147969D087 /* ImportSheetView.swift in Sources */,
				DBEF18F6635075910546A61F /* LoopbackAuthServer.swift in Sources */,
				7EAFDC4BE21D92DFDE6A8AE1 /* MapOverviewView.swift in Sources */,
				736B219557447E0CEA0319A2 /* PDFReportRenderer.swift in Sources */,
				C8A56B68B3A58555D7491D14 /* PersistenceController.swift in Sources */,
				C7789234717598A80B08C875 /* PreferencesView.swift in Sources */,
				54E98E6AF98CF3D65676B847 /* RaidDetailView.swift in Sources */,
				35BA04D227FCCCD0E5A04DB2 /* RaidVideoExporter.swift in Sources */,
				FAC63D4A807AB95DCE2BECF0 /* ReverseGeocoder.swift in Sources */,
				0F395490C0FE24DC653CE63D /* ShareSheetPresenter.swift in Sources */,
				0912EE100A84D9FFBC926AFE /* SidebarView.swift in Sources */,
				9803751A7D4CB52AB0D190A7 /* SmartFilterEditor.swift in Sources */,
				142A6FDD9CB4F91229688DDD /* StatisticsView.swift in Sources */,
				D0F9F8527458C8CA0C83E736 /* StravaAuthService.swift in Sources */,
				C636BD1A9F64CE4417C80538 /* TrackVideoExporter.swift in Sources */,
				6F6D9CD499B2FE619B9FB92A /* WatchedFolderBookmark.swift in Sources */,
				31D03464E7B186D9B785D0D9 /* WindowModel.swift in Sources */,
			);
			runOnlyForDeploymentPostprocessing = 0;
		};
		6FA2EE3078D8EEBE4230193C /* Sources */ = {
			isa = PBXSourcesBuildPhase;
			buildActionMask = 2147483647;
			files = (
				3DAD5B0820EBA343E4EC07DB /* ActivityFiltersTests.swift in Sources */,
				49D54D695ECF125EA368F30D /* ActivityListViewModelTests.swift in Sources */,
				A52A49DCAB0612268A04D686 /* AppNavigationModelTests.swift in Sources */,
				69199036BADF737CF4157B63 /* CoreDataActivityRepositoryTests.swift in Sources */,
				1EBC3FD34D98053DF310C1C3 /* PersistenceControllerTests.swift in Sources */,
			);
			runOnlyForDeploymentPostprocessing = 0;
		};
/* End PBXSourcesBuildPhase section */

/* Begin PBXTargetDependency section */
		FE45B52B0B03D05EC59B551E /* PBXTargetDependency */ = {
			isa = PBXTargetDependency;
			target = C5FF65B068CF9AB66E4DE6FA /* GPXManagement */;
			targetProxy = 422B37467E97F2D4285C097C /* PBXContainerItemProxy */;
		};
/* End PBXTargetDependency section */

/* Begin XCBuildConfiguration section */
		4CC804CD064D3E508C048872 /* Debug */ = {
			isa = XCBuildConfiguration;
			buildSettings = {
				ASSETCATALOG_COMPILER_APPICON_NAME = AppIcon;
				CODE_SIGN_ENTITLEMENTS = App/GPXManagement.entitlements;
				COMBINE_HIDPI_IMAGES = YES;
				GENERATE_INFOPLIST_FILE = NO;
				INFOPLIST_FILE = App/Info.plist;
				LD_RUNPATH_SEARCH_PATHS = (
					"$(inherited)",
					"@executable_path/../Frameworks",
				);
				MACOSX_DEPLOYMENT_TARGET = 15.0;
				PRODUCT_BUNDLE_IDENTIFIER = com.demoustier.GPXManagement;
				PRODUCT_NAME = GPXManagement;
				SDKROOT = macosx;
			};
			name = Debug;
		};
		572343C4EE949BDFB2554D26 /* Debug */ = {
			isa = XCBuildConfiguration;
			baseConfigurationReference = "TEMP_4C90525C-1F8E-4651-86D4-172827EB5D5E" /* Secrets.xcconfig */;
			buildSettings = {
				ALWAYS_SEARCH_USER_PATHS = NO;
				CLANG_ANALYZER_NONNULL = YES;
				CLANG_ANALYZER_NUMBER_OBJECT_CONVERSION = YES_AGGRESSIVE;
				CLANG_CXX_LANGUAGE_STANDARD = "gnu++14";
				CLANG_CXX_LIBRARY = "libc++";
				CLANG_ENABLE_MODULES = YES;
				CLANG_ENABLE_OBJC_ARC = YES;
				CLANG_ENABLE_OBJC_WEAK = YES;
				CLANG_WARN_BLOCK_CAPTURE_AUTORELEASING = YES;
				CLANG_WARN_BOOL_CONVERSION = YES;
				CLANG_WARN_COMMA = YES;
				CLANG_WARN_CONSTANT_CONVERSION = YES;
				CLANG_WARN_DEPRECATED_OBJC_IMPLEMENTATIONS = YES;
				CLANG_WARN_DIRECT_OBJC_ISA_USAGE = YES_ERROR;
				CLANG_WARN_DOCUMENTATION_COMMENTS = YES;
				CLANG_WARN_EMPTY_BODY = YES;
				CLANG_WARN_ENUM_CONVERSION = YES;
				CLANG_WARN_INFINITE_RECURSION = YES;
				CLANG_WARN_INT_CONVERSION = YES;
				CLANG_WARN_NON_LITERAL_NULL_CONVERSION = YES;
				CLANG_WARN_OBJC_IMPLICIT_RETAIN_SELF = YES;
				CLANG_WARN_OBJC_LITERAL_CONVERSION = YES;
				CLANG_WARN_OBJC_ROOT_CLASS = YES_ERROR;
				CLANG_WARN_QUOTED_INCLUDE_IN_FRAMEWORK_HEADER = YES;
				CLANG_WARN_RANGE_LOOP_ANALYSIS = YES;
				CLANG_WARN_STRICT_PROTOTYPES = YES;
				CLANG_WARN_SUSPICIOUS_MOVE = YES;
				CLANG_WARN_UNGUARDED_AVAILABILITY = YES_AGGRESSIVE;
				CLANG_WARN_UNREACHABLE_CODE = YES;
				CLANG_WARN__DUPLICATE_METHOD_MATCH = YES;
				CODE_SIGN_IDENTITY = "Apple Development";
				CODE_SIGN_STYLE = Automatic;
				COMBINE_HIDPI_IMAGES = YES;
				COPY_PHASE_STRIP = NO;
				DEBUG_INFORMATION_FORMAT = dwarf;
				DEVELOPMENT_TEAM = "$(DEVELOPMENT_TEAM)";
				ENABLE_HARDENED_RUNTIME = YES;
				ENABLE_STRICT_OBJC_MSGSEND = YES;
				ENABLE_TESTABILITY = YES;
				GCC_C_LANGUAGE_STANDARD = gnu11;
				GCC_DYNAMIC_NO_PIC = NO;
				GCC_NO_COMMON_BLOCKS = YES;
				GCC_OPTIMIZATION_LEVEL = 0;
				GCC_PREPROCESSOR_DEFINITIONS = (
					"$(inherited)",
					"DEBUG=1",
				);
				GCC_WARN_64_TO_32_BIT_CONVERSION = YES;
				GCC_WARN_ABOUT_RETURN_TYPE = YES_ERROR;
				GCC_WARN_UNDECLARED_SELECTOR = YES;
				GCC_WARN_UNINITIALIZED_AUTOS = YES_AGGRESSIVE;
				GCC_WARN_UNUSED_FUNCTION = YES;
				GCC_WARN_UNUSED_VARIABLE = YES;
				MACOSX_DEPLOYMENT_TARGET = 15.0;
				MTL_ENABLE_DEBUG_INFO = INCLUDE_SOURCE;
				MTL_FAST_MATH = YES;
				ONLY_ACTIVE_ARCH = YES;
				PRODUCT_NAME = "$(TARGET_NAME)";
				SDKROOT = macosx;
				SWIFT_ACTIVE_COMPILATION_CONDITIONS = DEBUG;
				SWIFT_OPTIMIZATION_LEVEL = "-Onone";
				SWIFT_STRICT_CONCURRENCY = complete;
				SWIFT_VERSION = 5.0;
			};
			name = Debug;
		};
		58CBCAF2EA1A22D7858320B7 /* Debug */ = {
			isa = XCBuildConfiguration;
			buildSettings = {
				BUNDLE_LOADER = "$(TEST_HOST)";
				COMBINE_HIDPI_IMAGES = YES;
				GENERATE_INFOPLIST_FILE = YES;
				LD_RUNPATH_SEARCH_PATHS = (
					"$(inherited)",
					"@executable_path/../Frameworks",
					"@loader_path/../Frameworks",
				);
				MACOSX_DEPLOYMENT_TARGET = 15.0;
				PRODUCT_BUNDLE_IDENTIFIER = com.demoustier.GPXManagementTests;
				SDKROOT = macosx;
				TEST_HOST = "$(BUILT_PRODUCTS_DIR)/GPXManagement.app/Contents/MacOS/GPXManagement";
			};
			name = Debug;
		};
		73CD864D563E9C24C070CF2E /* Release */ = {
			isa = XCBuildConfiguration;
			baseConfigurationReference = "TEMP_4C90525C-1F8E-4651-86D4-172827EB5D5E" /* Secrets.xcconfig */;
			buildSettings = {
				ALWAYS_SEARCH_USER_PATHS = NO;
				CLANG_ANALYZER_NONNULL = YES;
				CLANG_ANALYZER_NUMBER_OBJECT_CONVERSION = YES_AGGRESSIVE;
				CLANG_CXX_LANGUAGE_STANDARD = "gnu++14";
				CLANG_CXX_LIBRARY = "libc++";
				CLANG_ENABLE_MODULES = YES;
				CLANG_ENABLE_OBJC_ARC = YES;
				CLANG_ENABLE_OBJC_WEAK = YES;
				CLANG_WARN_BLOCK_CAPTURE_AUTORELEASING = YES;
				CLANG_WARN_BOOL_CONVERSION = YES;
				CLANG_WARN_COMMA = YES;
				CLANG_WARN_CONSTANT_CONVERSION = YES;
				CLANG_WARN_DEPRECATED_OBJC_IMPLEMENTATIONS = YES;
				CLANG_WARN_DIRECT_OBJC_ISA_USAGE = YES_ERROR;
				CLANG_WARN_DOCUMENTATION_COMMENTS = YES;
				CLANG_WARN_EMPTY_BODY = YES;
				CLANG_WARN_ENUM_CONVERSION = YES;
				CLANG_WARN_INFINITE_RECURSION = YES;
				CLANG_WARN_INT_CONVERSION = YES;
				CLANG_WARN_NON_LITERAL_NULL_CONVERSION = YES;
				CLANG_WARN_OBJC_IMPLICIT_RETAIN_SELF = YES;
				CLANG_WARN_OBJC_LITERAL_CONVERSION = YES;
				CLANG_WARN_OBJC_ROOT_CLASS = YES_ERROR;
				CLANG_WARN_QUOTED_INCLUDE_IN_FRAMEWORK_HEADER = YES;
				CLANG_WARN_RANGE_LOOP_ANALYSIS = YES;
				CLANG_WARN_STRICT_PROTOTYPES = YES;
				CLANG_WARN_SUSPICIOUS_MOVE = YES;
				CLANG_WARN_UNGUARDED_AVAILABILITY = YES_AGGRESSIVE;
				CLANG_WARN_UNREACHABLE_CODE = YES;
				CLANG_WARN__DUPLICATE_METHOD_MATCH = YES;
				CODE_SIGN_IDENTITY = "Developer ID Application";
				CODE_SIGN_STYLE = Automatic;
				COMBINE_HIDPI_IMAGES = YES;
				COPY_PHASE_STRIP = NO;
				DEBUG_INFORMATION_FORMAT = "dwarf-with-dsym";
				DEVELOPMENT_TEAM = "$(DEVELOPMENT_TEAM)";
				ENABLE_HARDENED_RUNTIME = YES;
				ENABLE_NS_ASSERTIONS = NO;
				ENABLE_STRICT_OBJC_MSGSEND = YES;
				GCC_C_LANGUAGE_STANDARD = gnu11;
				GCC_NO_COMMON_BLOCKS = YES;
				GCC_WARN_64_TO_32_BIT_CONVERSION = YES;
				GCC_WARN_ABOUT_RETURN_TYPE = YES_ERROR;
				GCC_WARN_UNDECLARED_SELECTOR = YES;
				GCC_WARN_UNINITIALIZED_AUTOS = YES_AGGRESSIVE;
				GCC_WARN_UNUSED_FUNCTION = YES;
				GCC_WARN_UNUSED_VARIABLE = YES;
				MACOSX_DEPLOYMENT_TARGET = 15.0;
				MTL_ENABLE_DEBUG_INFO = NO;
				MTL_FAST_MATH = YES;
				PRODUCT_NAME = "$(TARGET_NAME)";
				SDKROOT = macosx;
				SWIFT_COMPILATION_MODE = wholemodule;
				SWIFT_OPTIMIZATION_LEVEL = "-O";
				SWIFT_STRICT_CONCURRENCY = complete;
				SWIFT_VERSION = 5.0;
			};
			name = Release;
		};
		7AF1E9D36019897F5281EF1F /* Release */ = {
			isa = XCBuildConfiguration;
			buildSettings = {
				BUNDLE_LOADER = "$(TEST_HOST)";
				COMBINE_HIDPI_IMAGES = YES;
				GENERATE_INFOPLIST_FILE = YES;
				LD_RUNPATH_SEARCH_PATHS = (
					"$(inherited)",
					"@executable_path/../Frameworks",
					"@loader_path/../Frameworks",
				);
				MACOSX_DEPLOYMENT_TARGET = 15.0;
				PRODUCT_BUNDLE_IDENTIFIER = com.demoustier.GPXManagementTests;
				SDKROOT = macosx;
				TEST_HOST = "$(BUILT_PRODUCTS_DIR)/GPXManagement.app/Contents/MacOS/GPXManagement";
			};
			name = Release;
		};
		AF34DC46CCECAA7C264FF34F /* Release */ = {
			isa = XCBuildConfiguration;
			buildSettings = {
				ASSETCATALOG_COMPILER_APPICON_NAME = AppIcon;
				CODE_SIGN_ENTITLEMENTS = App/GPXManagement.entitlements;
				COMBINE_HIDPI_IMAGES = YES;
				GENERATE_INFOPLIST_FILE = NO;
				INFOPLIST_FILE = App/Info.plist;
				LD_RUNPATH_SEARCH_PATHS = (
					"$(inherited)",
					"@executable_path/../Frameworks",
				);
				MACOSX_DEPLOYMENT_TARGET = 15.0;
				PRODUCT_BUNDLE_IDENTIFIER = com.demoustier.GPXManagement;
				PRODUCT_NAME = GPXManagement;
				SDKROOT = macosx;
			};
			name = Release;
		};
/* End XCBuildConfiguration section */

/* Begin XCConfigurationList section */
		49D3788C14E03619772764C6 /* Build configuration list for PBXProject "GPXManagement" */ = {
			isa = XCConfigurationList;
			buildConfigurations = (
				572343C4EE949BDFB2554D26 /* Debug */,
				73CD864D563E9C24C070CF2E /* Release */,
			);
			defaultConfigurationIsVisible = 0;
			defaultConfigurationName = Debug;
		};
		7FC6BF24BA150F1D4AACD4FE /* Build configuration list for PBXNativeTarget "GPXManagement" */ = {
			isa = XCConfigurationList;
			buildConfigurations = (
				4CC804CD064D3E508C048872 /* Debug */,
				AF34DC46CCECAA7C264FF34F /* Release */,
			);
			defaultConfigurationIsVisible = 0;
			defaultConfigurationName = Debug;
		};
		A5F2DBC4728651D48CC7D148 /* Build configuration list for PBXNativeTarget "GPXManagementTests" */ = {
			isa = XCConfigurationList;
			buildConfigurations = (
				58CBCAF2EA1A22D7858320B7 /* Debug */,
				7AF1E9D36019897F5281EF1F /* Release */,
			);
			defaultConfigurationIsVisible = 0;
			defaultConfigurationName = Debug;
		};
/* End XCConfigurationList section */

/* Begin XCLocalSwiftPackageReference section */
		3D2F0F947DCD8CAA25BF532D /* XCLocalSwiftPackageReference "Packages/GPXCore" */ = {
			isa = XCLocalSwiftPackageReference;
			relativePath = Packages/GPXCore;
		};
		EC7E610EC6EA34ECE5D85447 /* XCLocalSwiftPackageReference "Packages/GPXStrava" */ = {
			isa = XCLocalSwiftPackageReference;
			relativePath = Packages/GPXStrava;
		};
		FC1D1EEA3795EB01DDE898F0 /* XCLocalSwiftPackageReference "Packages/GPXMapKit" */ = {
			isa = XCLocalSwiftPackageReference;
			relativePath = Packages/GPXMapKit;
		};
/* End XCLocalSwiftPackageReference section */

/* Begin XCSwiftPackageProductDependency section */
		5239B19228804795EAC2D36D /* GPXCore */ = {
			isa = XCSwiftPackageProductDependency;
			productName = GPXCore;
		};
		5AE15CBBEA76E19E78D5872B /* GPXMapKit */ = {
			isa = XCSwiftPackageProductDependency;
			productName = GPXMapKit;
		};
		9DCF9B9E7F35B6CCDB8C5227 /* GPXStrava */ = {
			isa = XCSwiftPackageProductDependency;
			productName = GPXStrava;
		};
/* End XCSwiftPackageProductDependency section */

/* Begin XCVersionGroup section */
		A458D1355A394930CBEFB440 /* GPXManagement.xcdatamodeld */ = {
			isa = XCVersionGroup;
			children = (
				BDB3AE470DCC71F2465AD70B /* GPXManagement.xcdatamodel */,
			);
			currentVersion = BDB3AE470DCC71F2465AD70B /* GPXManagement.xcdatamodel */;
			path = GPXManagement.xcdatamodeld;
			sourceTree = "<group>";
			versionGroupType = wrapper.xcdatamodel;
		};
/* End XCVersionGroup section */
	};
	rootObject = 686AD7DFE4CAAEC625B308C4 /* Project object */;
}
